
Microsoft Visual Studio Solution File, Format Version 12.00
# Visual Studio Version 17
VisualStudioVersion = 17.5.002.0
MinimumVisualStudioVersion = 10.0.40219.1
Project("{2150E333-8FDC-42A3-9474-1A3956D46DE8}") = "csharp-prep", "csharp-prep", "{48A7D70C-6D86-47A8-9BA7-9CB85679B9DF}"
EndProject
Project("{9A19103F-16F7-4668-BE54-9A1E7A4F7556}") = "Prep1", "csharp-prep\Prep1\Prep1.csproj", "{5E7C1F8B-AF57-49F5-B01D-F1AB4C26D236}"
EndProject
Project("{9A19103F-16F7-4668-BE54-9A1E7A4F7556}") = "Prep2", "csharp-prep\Prep2\Prep2.csproj", "{6B0CBD72-F5F2-4017-82C7-55E2397E0C7F}"
EndProject
Project("{9A19103F-16F7-4668-BE54-9A1E7A4F7556}") = "Prep3", "csharp-prep\Prep3\Prep3.csproj", "{9BA33812-414F-43EA-9E12-CC3AB304BEBC}"
EndProject
Project("{9A19103F-16F7-4668-BE54-9A1E7A4F7556}") = "Prep4", "csharp-prep\Prep4\Prep4.csproj", "{020146DF-13CE-4296-A1C6-C19E64CCDDE7}"
EndProject
Project("{9A19103F-16F7-4668-BE54-9A1E7A4F7556}") = "Prep5", "csharp-prep\Prep5\Prep5.csproj", "{102690A2-D9D7-4CF8-9FA0-4A6176D1B1B2}"
EndProject
Project("{2150E333-8FDC-42A3-9474-1A3956D46DE8}") = "final", "final", "{E5A88E93-B04C-4896-89E0-4B1B5034D48D}"
EndProject
Project("{9A19103F-16F7-4668-BE54-9A1E7A4F7556}") = "FinalProject", "final\FinalProject\FinalProject.csproj", "{1286861F-F63F-470B-85E8-F984506583D2}"
EndProject
Project("{9A19103F-16F7-4668-BE54-9A1E7A4F7556}") = "Foundation1", "final\Foundation1\Foundation1.csproj", "{9238E520-F38F-4959-936A-62F3A1C7FF5C}"
EndProject
Project("{9A19103F-16F7-4668-BE54-9A1E7A4F7556}") = "Foundation2", "final\Foundation2\Foundation2.csproj", "{D3B0A899-0127-4DDD-B698-30EDFCB909D3}"
EndProject
Project("{9A19103F-16F7-4668-BE54-9A1E7A4F7556}") = "Foundation3", "final\Foundation3\Foundation3.csproj", "{098DB42D-B3F1-4237-B491-E4B9555D28EC}"
EndProject
Project("{9A19103F-16F7-4668-BE54-9A1E7A4F7556}") = "Foundation4", "final\Foundation4\Foundation4.csproj", "{FE40823B-291D-45A1-AA92-0D500BC1153B}"
EndProject
Project("{2150E333-8FDC-42A3-9474-1A3956D46DE8}") = "prepare", "prepare", "{542AF9DC-00BC-49C5-AC5D-BC413EE3EAE3}"
EndProject
Project("{9A19103F-16F7-4668-BE54-9A1E7A4F7556}") = "Learning02", "prepare\Learning02\Learning02.csproj", "{33EA2F2A-14EE-4E4E-BF72-18E9F1042560}"
EndProject
Project("{9A19103F-16F7-4668-BE54-9A1E7A4F7556}") = "Learning03", "prepare\Learning03\Learning03.csproj", "{9047246C-A66F-4ED9-81BC-457AA9D1F6BD}"
EndProject
Project("{9A19103F-16F7-4668-BE54-9A1E7A4F7556}") = "Learning04", "prepare\Learning04\Learning04.csproj", "{566A0A7C-7FA8-4345-BD7B-37D94C1AB17C}"
EndProject
Project("{9A19103F-16F7-4668-BE54-9A1E7A4F7556}") = "Learning05", "prepare\Learning05\Learning05.csproj", "{DE68E93C-8B6F-4240-B1DF-C96F0D0080E9}"
EndProject
Project("{2150E333-8FDC-42A3-9474-1A3956D46DE8}") = "prove", "prove", "{4E0A640A-F0DF-41A5-97D9-492BC998F60C}"
EndProject
Project("{9A19103F-16F7-4668-BE54-9A1E7A4F7556}") = "Develop02", "prove\Develop02\Develop02.csproj", "{4C639A61-9A83-4B4D-922C-41BA87152D24}"
EndProject
Project("{9A19103F-16F7-4668-BE54-9A1E7A4F7556}") = "Develop03", "prove\Develop03\Develop03.csproj", "{B397DFBA-F431-41AB-B6FA-45DC56F3EDE7}"
EndProject
Project("{9A19103F-16F7-4668-BE54-9A1E7A4F7556}") = "Develop04", "prove\Develop04\Develop04.csproj", "{64C20DFD-DC0A-4D06-8334-ACF11B1E4D06}"
EndProject
Project("{9A19103F-16F7-4668-BE54-9A1E7A4F7556}") = "Develop05", "prove\Develop05\Develop05.csproj", "{8646A4D3-F42C-4DFF-A43C-EDA79CB3B8B4}"
EndProject
Project("{2150E333-8FDC-42A3-9474-1A3956D46DE8}") = "sandbox", "sandbox", "{E6394386-39CB-4C03-B72F-D7A285860DA2}"
EndProject
Project("{9A19103F-16F7-4668-BE54-9A1E7A4F7556}") = "Sandbox", "sandbox\Sandbox\Sandbox.csproj", "{AE866E3C-6669-41BD-B900-5E3A23069AD5}"
EndProject
Global
	GlobalSection(SolutionConfigurationPlatforms) = preSolution
		Debug|Any CPU = Debug|Any CPU
		Release|Any CPU = Release|Any CPU
	EndGlobalSection
	GlobalSection(ProjectConfigurationPlatforms) = postSolution
		{5E7C1F8B-AF57-49F5-B01D-F1AB4C26D236}.Debug|Any CPU.ActiveCfg = Debug|Any CPU
		{5E7C1F8B-AF57-49F5-B01D-F1AB4C26D236}.Debug|Any CPU.Build.0 = Debug|Any CPU
		{5E7C1F8B-AF57-49F5-B01D-F1AB4C26D236}.Release|Any CPU.ActiveCfg = Release|Any CPU
		{5E7C1F8B-AF57-49F5-B01D-F1AB4C26D236}.Release|Any CPU.Build.0 = Release|Any CPU
		{6B0CBD72-F5F2-4017-82C7-55E2397E0C7F}.Debug|Any CPU.ActiveCfg = Debug|Any CPU
		{6B0CBD72-F5F2-4017-82C7-55E2397E0C7F}.Debug|Any CPU.Build.0 = Debug|Any CPU
		{6B0CBD72-F5F2-4017-82C7-55E2397E0C7F}.Release|Any CPU.ActiveCfg = Release|Any CPU
		{6B0CBD72-F5F2-4017-82C7-55E2397E0C7F}.Release|Any CPU.Build.0 = Release|Any CPU
		{9BA33812-414F-43EA-9E12-CC3AB304BEBC}.Debug|Any CPU.ActiveCfg = Debug|Any CPU
		{9BA33812-414F-43EA-9E12-CC3AB304BEBC}.Debug|Any CPU.Build.0 = Debug|Any CPU
		{9BA33812-414F-43EA-9E12-CC3AB304BEBC}.Release|Any CPU.ActiveCfg = Release|Any CPU
		{9BA33812-414F-43EA-9E12-CC3AB304BEBC}.Release|Any CPU.Build.0 = Release|Any CPU
		{020146DF-13CE-4296-A1C6-C19E64CCDDE7}.Debug|Any CPU.ActiveCfg = Debug|Any CPU
		{020146DF-13CE-4296-A1C6-C19E64CCDDE7}.Debug|Any CPU.Build.0 = Debug|Any CPU
		{020146DF-13CE-4296-A1C6-C19E64CCDDE7}.Release|Any CPU.ActiveCfg = Release|Any CPU
		{020146DF-13CE-4296-A1C6-C19E64CCDDE7}.Release|Any CPU.Build.0 = Release|Any CPU
		{102690A2-D9D7-4CF8-9FA0-4A6176D1B1B2}.Debug|Any CPU.ActiveCfg = Debug|Any CPU
		{102690A2-D9D7-4CF8-9FA0-4A6176D1B1B2}.Debug|Any CPU.Build.0 = Debug|Any CPU
		{102690A2-D9D7-4CF8-9FA0-4A6176D1B1B2}.Release|Any CPU.ActiveCfg = Release|Any CPU
		{102690A2-D9D7-4CF8-9FA0-4A6176D1B1B2}.Release|Any CPU.Build.0 = Release|Any CPU
		{1286861F-F63F-470B-85E8-F984506583D2}.Debug|Any CPU.ActiveCfg = Debug|Any CPU
		{1286861F-F63F-470B-85E8-F984506583D2}.Debug|Any CPU.Build.0 = Debug|Any CPU
		{1286861F-F63F-470B-85E8-F984506583D2}.Release|Any CPU.ActiveCfg = Release|Any CPU
		{1286861F-F63F-470B-85E8-F984506583D2}.Release|Any CPU.Build.0 = Release|Any CPU
		{9238E520-F38F-4959-936A-62F3A1C7FF5C}.Debug|Any CPU.ActiveCfg = Debug|Any CPU
		{9238E520-F38F-4959-936A-62F3A1C7FF5C}.Debug|Any CPU.Build.0 = Debug|Any CPU
		{9238E520-F38F-4959-936A-62F3A1C7FF5C}.Release|Any CPU.ActiveCfg = Release|Any CPU
		{9238E520-F38F-4959-936A-62F3A1C7FF5C}.Release|Any CPU.Build.0 = Release|Any CPU
		{D3B0A899-0127-4DDD-B698-30EDFCB909D3}.Debug|Any CPU.ActiveCfg = Debug|Any CPU
		{D3B0A899-0127-4DDD-B698-30EDFCB909D3}.Debug|Any CPU.Build.0 = Debug|Any CPU
		{D3B0A899-0127-4DDD-B698-30EDFCB909D3}.Release|Any CPU.ActiveCfg = Release|Any CPU
		{D3B0A899-0127-4DDD-B698-30EDFCB909D3}.Release|Any CPU.Build.0 = Release|Any CPU
		{098DB42D-B3F1-4237-B491-E4B9555D28EC}.Debug|Any CPU.ActiveCfg = Debug|Any CPU
		{098DB42D-B3F1-4237-B491-E4B9555D28EC}.Debug|Any CPU.Build.0 = Debug|Any CPU
		{098DB42D-B3F1-4237-B491-E4B9555D28EC}.Release|Any CPU.ActiveCfg = Release|Any CPU
		{098DB42D-B3F1-4237-B491-E4B9555D28EC}.Release|Any CPU.Build.0 = Release|Any CPU
		{FE40823B-291D-45A1-AA92-0D500BC1153B}.Debug|Any CPU.ActiveCfg = Debug|Any CPU
		{FE40823B-291D-45A1-AA92-0D500BC1153B}.Debug|Any CPU.Build.0 = Debug|Any CPU
		{FE40823B-291D-45A1-AA92-0D500BC1153B}.Release|Any CPU.ActiveCfg = Release|Any CPU
		{FE40823B-291D-45A1-AA92-0D500BC1153B}.Release|Any CPU.Build.0 = Release|Any CPU
		{33EA2F2A-14EE-4E4E-BF72-18E9F1042560}.Debug|Any CPU.ActiveCfg = Debug|Any CPU
		{33EA2F2A-14EE-4E4E-BF72-18E9F1042560}.Debug|Any CPU.Build.0 = Debug|Any CPU
		{33EA2F2A-14EE-4E4E-BF72-18E9F1042560}.Release|Any CPU.ActiveCfg = Release|Any CPU
		{33EA2F2A-14EE-4E4E-BF72-18E9F1042560}.Release|Any CPU.Build.0 = Release|Any CPU
		{9047246C-A66F-4ED9-81BC-457AA9D1F6BD}.Debug|Any CPU.ActiveCfg = Debug|Any CPU
		{9047246C-A66F-4ED9-81BC-457AA9D1F6BD}.Debug|Any CPU.Build.0 = Debug|Any CPU
		{9047246C-A66F-4ED9-81BC-457AA9D1F6BD}.Release|Any CPU.ActiveCfg = Release|Any CPU
		{9047246C-A66F-4ED9-81BC-457AA9D1F6BD}.Release|Any CPU.Build.0 = Release|Any CPU
		{566A0A7C-7FA8-4345-BD7B-37D94C1AB17C}.Debug|Any CPU.ActiveCfg = Debug|Any CPU
		{566A0A7C-7FA8-4345-BD7B-37D94C1AB17C}.Debug|Any CPU.Build.0 = Debug|Any CPU
		{566A0A7C-7FA8-4345-BD7B-37D94C1AB17C}.Release|Any CPU.ActiveCfg = Release|Any CPU
		{566A0A7C-7FA8-4345-BD7B-37D94C1AB17C}.Release|Any CPU.Build.0 = Release|Any CPU
		{DE68E93C-8B6F-4240-B1DF-C96F0D0080E9}.Debug|Any CPU.ActiveCfg = Debug|Any CPU
		{DE68E93C-8B6F-4240-B1DF-C96F0D0080E9}.Debug|Any CPU.Build.0 = Debug|Any CPU
		{DE68E93C-8B6F-4240-B1DF-C96F0D0080E9}.Release|Any CPU.ActiveCfg = Release|Any CPU
		{DE68E93C-8B6F-4240-B1DF-C96F0D0080E9}.Release|Any CPU.Build.0 = Release|Any CPU
		{4C639A61-9A83-4B4D-922C-41BA87152D24}.Debug|Any CPU.ActiveCfg = Debug|Any CPU
		{4C639A61-9A83-4B4D-922C-41BA87152D24}.Debug|Any CPU.Build.0 = Debug|Any CPU
		{4C639A61-9A83-4B4D-922C-41BA87152D24}.Release|Any CPU.ActiveCfg = Release|Any CPU
		{4C639A61-9A83-4B4D-922C-41BA87152D24}.Release|Any CPU.Build.0 = Release|Any CPU
		{B397DFBA-F431-41AB-B6FA-45DC56F3EDE7}.Debug|Any CPU.ActiveCfg = Debug|Any CPU
		{B397DFBA-F431-41AB-B6FA-45DC56F3EDE7}.Debug|Any CPU.Build.0 = Debug|Any CPU
		{B397DFBA-F431-41AB-B6FA-45DC56F3EDE7}.Release|Any CPU.ActiveCfg = Release|Any CPU
		{B397DFBA-F431-41AB-B6FA-45DC56F3EDE7}.Release|Any CPU.Build.0 = Release|Any CPU
		{64C20DFD-DC0A-4D06-8334-ACF11B1E4D06}.Debug|Any CPU.ActiveCfg = Debug|Any CPU
		{64C20DFD-DC0A-4D06-8334-ACF11B1E4D06}.Debug|Any CPU.Build.0 = Debug|Any CPU
		{64C20DFD-DC0A-4D06-8334-ACF11B1E4D06}.Release|Any CPU.ActiveCfg = Release|Any CPU
		{64C20DFD-DC0A-4D06-8334-ACF11B1E4D06}.Release|Any CPU.Build.0 = Release|Any CPU
		{8646A4D3-F42C-4DFF-A43C-EDA79CB3B8B4}.Debug|Any CPU.ActiveCfg = Debug|Any CPU
		{8646A4D3-F42C-4DFF-A43C-EDA79CB3B8B4}.Debug|Any CPU.Build.0 = Debug|Any CPU
		{8646A4D3-F42C-4DFF-A43C-EDA79CB3B8B4}.Release|Any CPU.ActiveCfg = Release|Any CPU
		{8646A4D3-F42C-4DFF-A43C-EDA79CB3B8B4}.Release|Any CPU.Build.0 = Release|Any CPU
		{AE866E3C-6669-41BD-B900-5E3A23069AD5}.Debug|Any CPU.ActiveCfg = Debug|Any CPU
		{AE866E3C-6669-41BD-B900-5E3A23069AD5}.Debug|Any CPU.Build.0 = Debug|Any CPU
		{AE866E3C-6669-41BD-B900-5E3A23069AD5}.Release|Any CPU.ActiveCfg = Release|Any CPU
		{AE866E3C-6669-41BD-B900-5E3A23069AD5}.Release|Any CPU.Build.0 = Release|Any CPU
	EndGlobalSection
	GlobalSection(SolutionProperties) = preSolution
		HideSolutionNode = FALSE
	EndGlobalSection
	GlobalSection(NestedProjects) = preSolution
		{5E7C1F8B-AF57-49F5-B01D-F1AB4C26D236} = {48A7D70C-6D86-47A8-9BA7-9CB85679B9DF}
		{6B0CBD72-F5F2-4017-82C7-55E2397E0C7F} = {48A7D70C-6D86-47A8-9BA7-9CB85679B9DF}
		{9BA33812-414F-43EA-9E12-CC3AB304BEBC} = {48A7D70C-6D86-47A8-9BA7-9CB85679B9DF}
		{020146DF-13CE-4296-A1C6-C19E64CCDDE7} = {48A7D70C-6D86-47A8-9BA7-9CB85679B9DF}
		{102690A2-D9D7-4CF8-9FA0-4A6176D1B1B2} = {48A7D70C-6D86-47A8-9BA7-9CB85679B9DF}
		{1286861F-F63F-470B-85E8-F984506583D2} = {E5A88E93-B04C-4896-89E0-4B1B5034D48D}
		{9238E520-F38F-4959-936A-62F3A1C7FF5C} = {E5A88E93-B04C-4896-89E0-4B1B5034D48D}
		{D3B0A899-0127-4DDD-B698-30EDFCB909D3} = {E5A88E93-B04C-4896-89E0-4B1B5034D48D}
		{098DB42D-B3F1-4237-B491-E4B9555D28EC} = {E5A88E93-B04C-4896-89E0-4B1B5034D48D}
		{FE40823B-291D-45A1-AA92-0D500BC1153B} = {E5A88E93-B04C-4896-89E0-4B1B5034D48D}
		{33EA2F2A-14EE-4E4E-BF72-18E9F1042560} = {542AF9DC-00BC-49C5-AC5D-BC413EE3EAE3}
		{9047246C-A66F-4ED9-81BC-457AA9D1F6BD} = {542AF9DC-00BC-49C5-AC5D-BC413EE3EAE3}
		{566A0A7C-7FA8-4345-BD7B-37D94C1AB17C} = {542AF9DC-00BC-49C5-AC5D-BC413EE3EAE3}
		{DE68E93C-8B6F-4240-B1DF-C96F0D0080E9} = {542AF9DC-00BC-49C5-AC5D-BC413EE3EAE3}
		{4C639A61-9A83-4B4D-922C-41BA87152D24} = {4E0A640A-F0DF-41A5-97D9-492BC998F60C}
		{B397DFBA-F431-41AB-B6FA-45DC56F3EDE7} = {4E0A640A-F0DF-41A5-97D9-492BC998F60C}
		{64C20DFD-DC0A-4D06-8334-ACF11B1E4D06} = {4E0A640A-F0DF-41A5-97D9-492BC998F60C}
		{8646A4D3-F42C-4DFF-A43C-EDA79CB3B8B4} = {4E0A640A-F0DF-41A5-97D9-492BC998F60C}
		{AE866E3C-6669-41BD-B900-5E3A23069AD5} = {E6394386-39CB-4C03-B72F-D7A285860DA2}
	EndGlobalSection
	GlobalSection(ExtensibilityGlobals) = postSolution
		SolutionGuid = {9D9B3AFA-0E8D-4013-824E-2F1AC33618A3}
	EndGlobalSection
EndGlobal
